
Microsoft Visual Studio Solution File, Format Version 12.00
# Visual Studio Version 17
VisualStudioVersion = 17.0.32014.148
MinimumVisualStudioVersion = 10.0.40219.1
Project("{9A19103F-16F7-4668-BE54-9A1E7A4F7556}") = "C_NET_LES_BASES", "C_NET_LES_BASES\C_NET_LES_BASES.csproj", "{A2C4E2D5-A704-469C-A213-70C0A4BFF8DA}"
EndProject
Project("{2150E333-8FDC-42A3-9474-1A3956D46DE8}") = "Demos", "Demos", "{20FBA334-2D64-4A5E-819E-B92A54F4E0EA}"
EndProject
Project("{9A19103F-16F7-4668-BE54-9A1E7A4F7556}") = "00_demoIO", "..\Demos\00_demoIO\00_demoIO.csproj", "{912CF360-1BCA-497E-91B5-466D83863B58}"
EndProject
Project("{9A19103F-16F7-4668-BE54-9A1E7A4F7556}") = "02_demoConversion", "..\Demos\02_demoConversion\02_demoConversion.csproj", "{03077DC0-1EE2-40D4-86E4-2ACB553327A4}"
EndProject
Project("{9A19103F-16F7-4668-BE54-9A1E7A4F7556}") = "03_demoConditionnelles", "..\Demos\03_demoConditionnelles\03_demoConditionnelles.csproj", "{D4BD6289-8D2C-4E55-913F-5CF262836459}"
EndProject
Project("{9A19103F-16F7-4668-BE54-9A1E7A4F7556}") = "04_demoOperateurs", "..\Demos\04_demoOperateurs\04_demoOperateurs.csproj", "{57197042-3B5B-43DE-8967-FE222B23B289}"
EndProject
Project("{9A19103F-16F7-4668-BE54-9A1E7A4F7556}") = "05_demoBoucles", "..\Demos\05_demoBoucles\05_demoBoucles.csproj", "{50169929-C76F-43CD-B226-B0D2E52245FB}"
EndProject
Project("{9A19103F-16F7-4668-BE54-9A1E7A4F7556}") = "06_demoCollection", "..\Demos\06_demoCollection\06_demoCollection.csproj", "{1BC759CD-3BC1-4C76-B0B4-3074663170E1}"
EndProject
Project("{9A19103F-16F7-4668-BE54-9A1E7A4F7556}") = "06_demoCollectionsGeneriques", "..\Demos\06_demoCollectionsGeneriques\06_demoCollectionsGeneriques.csproj", "{64783F2B-DDA5-48D7-9C08-C2CC737E9DAB}"
EndProject
Project("{9A19103F-16F7-4668-BE54-9A1E7A4F7556}") = "06_demoMatrice", "..\Demos\06_demoMatrice\06_demoMatrice.csproj", "{7CD2D936-C560-4F32-B768-0CD15D2EB70C}"
EndProject
Project("{9A19103F-16F7-4668-BE54-9A1E7A4F7556}") = "06_demoOrthogonaux", "..\Demos\06_demoOrthogonaux\06_demoOrthogonaux.csproj", "{BAE0332B-9FB3-4773-BD64-6A08E8DBCE3E}"
EndProject
Project("{9A19103F-16F7-4668-BE54-9A1E7A4F7556}") = "06_demoTableaux", "..\Demos\06_demoTableaux\06_demoTableaux.csproj", "{4B492C4D-ABE8-492B-8842-5033CB42E6EF}"
EndProject
Project("{9A19103F-16F7-4668-BE54-9A1E7A4F7556}") = "DemoMethodes", "..\Demos\DemoMethodes\DemoMethodes\DemoMethodes.csproj", "{2704D233-83EF-4373-A605-68AB12470FBE}"
EndProject
Project("{2150E333-8FDC-42A3-9474-1A3956D46DE8}") = "Exercices", "Exercices", "{0A666976-CC42-43A2-86EB-08A6F1CAEB26}"
EndProject
Project("{9A19103F-16F7-4668-BE54-9A1E7A4F7556}") = "ExoPage104", "..\Exercices\ExoPage104\ExoPage104.csproj", "{C6CF377D-6638-4C8B-A061-8B124BBFA92E}"
EndProject
Project("{9A19103F-16F7-4668-BE54-9A1E7A4F7556}") = "ExoPage114", "..\Exercices\ExoPage114\ExoPage114.csproj", "{FA82BE57-7D54-4C07-828B-FA7640EAE13A}"
EndProject
Project("{9A19103F-16F7-4668-BE54-9A1E7A4F7556}") = "ExoPage138A", "..\Exercices\ExoPage138A\ExoPage138A.csproj", "{F1F91735-5C22-4AAB-A77E-3CE3E42BA50A}"
EndProject
Project("{9A19103F-16F7-4668-BE54-9A1E7A4F7556}") = "ExoPage138B", "..\Exercices\ExoPage138B\ExoPage138B.csproj", "{49389A73-FEF2-4F1D-9B88-054401FE6566}"
EndProject
Project("{9A19103F-16F7-4668-BE54-9A1E7A4F7556}") = "ExoPage138C", "..\Exercices\ExoPage138C\ExoPage138C.csproj", "{20698044-57AB-4AF5-849F-F9FD2E77D200}"
EndProject
Project("{9A19103F-16F7-4668-BE54-9A1E7A4F7556}") = "ExoPage148A", "..\Exercices\ExoPage148A\ExoPage148A.csproj", "{3D41A844-E8F8-4687-A39B-305FE6A514E4}"
EndProject
Project("{9A19103F-16F7-4668-BE54-9A1E7A4F7556}") = "ExoPage148B", "..\Exercices\ExoPage148B\ExoPage148B.csproj", "{9E1FF009-1F05-416C-BDDF-F103740902C5}"
EndProject
Project("{9A19103F-16F7-4668-BE54-9A1E7A4F7556}") = "ExoPage148C", "..\Exercices\ExoPage148C\ExoPage148C.csproj", "{02A4F9D8-9F84-4087-B28A-2C23343E8385}"
EndProject
Project("{9A19103F-16F7-4668-BE54-9A1E7A4F7556}") = "ExoPage148D", "..\Exercices\ExoPage148D\ExoPage148D.csproj", "{BADEB0B8-9352-4A1C-92BE-92B017622CDB}"
EndProject
Project("{9A19103F-16F7-4668-BE54-9A1E7A4F7556}") = "ExoPage148E", "..\Exercices\ExoPage148E\ExoPage148E.csproj", "{7EC2ACAF-041F-41AD-BB55-814C08F8B617}"
EndProject
Project("{9A19103F-16F7-4668-BE54-9A1E7A4F7556}") = "ExoPage164A", "..\Exercices\ExoPage164A\ExoPage164A\ExoPage164A.csproj", "{E59A890A-1013-4B57-92A3-22B788880178}"
EndProject
Project("{9A19103F-16F7-4668-BE54-9A1E7A4F7556}") = "ExoPage164B", "..\Exercices\ExoPage164B\ExoPage164B\ExoPage164B.csproj", "{A2991D9D-63AC-4AF2-9CED-49300C3EE8CA}"
EndProject
Project("{9A19103F-16F7-4668-BE54-9A1E7A4F7556}") = "ExoPage164C", "..\Exercices\ExoPage164C\ExoPage164C\ExoPage164C.csproj", "{FB39844D-DB87-4891-9714-86DBD329B9BD}"
EndProject
Project("{9A19103F-16F7-4668-BE54-9A1E7A4F7556}") = "ExoPage203", "..\Exercices\ExoPage203\ExoPage203.csproj", "{B6CEE0ED-6068-45FC-AD51-9B6263E77CD8}"
EndProject
Project("{9A19103F-16F7-4668-BE54-9A1E7A4F7556}") = "DemoEnum", "..\Demos\DemoEnum\DemoEnum.csproj", "{9CE3E3BA-E271-422C-9A48-B5EDA9593255}"
EndProject
Global
	GlobalSection(SolutionConfigurationPlatforms) = preSolution
		Debug|Any CPU = Debug|Any CPU
		Release|Any CPU = Release|Any CPU
	EndGlobalSection
	GlobalSection(ProjectConfigurationPlatforms) = postSolution
		{A2C4E2D5-A704-469C-A213-70C0A4BFF8DA}.Debug|Any CPU.ActiveCfg = Debug|Any CPU
		{A2C4E2D5-A704-469C-A213-70C0A4BFF8DA}.Debug|Any CPU.Build.0 = Debug|Any CPU
		{A2C4E2D5-A704-469C-A213-70C0A4BFF8DA}.Release|Any CPU.ActiveCfg = Release|Any CPU
		{A2C4E2D5-A704-469C-A213-70C0A4BFF8DA}.Release|Any CPU.Build.0 = Release|Any CPU
		{912CF360-1BCA-497E-91B5-466D83863B58}.Debug|Any CPU.ActiveCfg = Debug|Any CPU
		{912CF360-1BCA-497E-91B5-466D83863B58}.Debug|Any CPU.Build.0 = Debug|Any CPU
		{912CF360-1BCA-497E-91B5-466D83863B58}.Release|Any CPU.ActiveCfg = Release|Any CPU
		{912CF360-1BCA-497E-91B5-466D83863B58}.Release|Any CPU.Build.0 = Release|Any CPU
		{03077DC0-1EE2-40D4-86E4-2ACB553327A4}.Debug|Any CPU.ActiveCfg = Debug|Any CPU
		{03077DC0-1EE2-40D4-86E4-2ACB553327A4}.Debug|Any CPU.Build.0 = Debug|Any CPU
		{03077DC0-1EE2-40D4-86E4-2ACB553327A4}.Release|Any CPU.ActiveCfg = Release|Any CPU
		{03077DC0-1EE2-40D4-86E4-2ACB553327A4}.Release|Any CPU.Build.0 = Release|Any CPU
		{D4BD6289-8D2C-4E55-913F-5CF262836459}.Debug|Any CPU.ActiveCfg = Debug|Any CPU
		{D4BD6289-8D2C-4E55-913F-5CF262836459}.Debug|Any CPU.Build.0 = Debug|Any CPU
		{D4BD6289-8D2C-4E55-913F-5CF262836459}.Release|Any CPU.ActiveCfg = Release|Any CPU
		{D4BD6289-8D2C-4E55-913F-5CF262836459}.Release|Any CPU.Build.0 = Release|Any CPU
		{57197042-3B5B-43DE-8967-FE222B23B289}.Debug|Any CPU.ActiveCfg = Debug|Any CPU
		{57197042-3B5B-43DE-8967-FE222B23B289}.Debug|Any CPU.Build.0 = Debug|Any CPU
		{57197042-3B5B-43DE-8967-FE222B23B289}.Release|Any CPU.ActiveCfg = Release|Any CPU
		{57197042-3B5B-43DE-8967-FE222B23B289}.Release|Any CPU.Build.0 = Release|Any CPU
		{50169929-C76F-43CD-B226-B0D2E52245FB}.Debug|Any CPU.ActiveCfg = Debug|Any CPU
		{50169929-C76F-43CD-B226-B0D2E52245FB}.Debug|Any CPU.Build.0 = Debug|Any CPU
		{50169929-C76F-43CD-B226-B0D2E52245FB}.Release|Any CPU.ActiveCfg = Release|Any CPU
		{50169929-C76F-43CD-B226-B0D2E52245FB}.Release|Any CPU.Build.0 = Release|Any CPU
		{1BC759CD-3BC1-4C76-B0B4-3074663170E1}.Debug|Any CPU.ActiveCfg = Debug|Any CPU
		{1BC759CD-3BC1-4C76-B0B4-3074663170E1}.Debug|Any CPU.Build.0 = Debug|Any CPU
		{1BC759CD-3BC1-4C76-B0B4-3074663170E1}.Release|Any CPU.ActiveCfg = Release|Any CPU
		{1BC759CD-3BC1-4C76-B0B4-3074663170E1}.Release|Any CPU.Build.0 = Release|Any CPU
		{64783F2B-DDA5-48D7-9C08-C2CC737E9DAB}.Debug|Any CPU.ActiveCfg = Debug|Any CPU
		{64783F2B-DDA5-48D7-9C08-C2CC737E9DAB}.Debug|Any CPU.Build.0 = Debug|Any CPU
		{64783F2B-DDA5-48D7-9C08-C2CC737E9DAB}.Release|Any CPU.ActiveCfg = Release|Any CPU
		{64783F2B-DDA5-48D7-9C08-C2CC737E9DAB}.Release|Any CPU.Build.0 = Release|Any CPU
		{7CD2D936-C560-4F32-B768-0CD15D2EB70C}.Debug|Any CPU.ActiveCfg = Debug|Any CPU
		{7CD2D936-C560-4F32-B768-0CD15D2EB70C}.Debug|Any CPU.Build.0 = Debug|Any CPU
		{7CD2D936-C560-4F32-B768-0CD15D2EB70C}.Release|Any CPU.ActiveCfg = Release|Any CPU
		{7CD2D936-C560-4F32-B768-0CD15D2EB70C}.Release|Any CPU.Build.0 = Release|Any CPU
		{BAE0332B-9FB3-4773-BD64-6A08E8DBCE3E}.Debug|Any CPU.ActiveCfg = Debug|Any CPU
		{BAE0332B-9FB3-4773-BD64-6A08E8DBCE3E}.Debug|Any CPU.Build.0 = Debug|Any CPU
		{BAE0332B-9FB3-4773-BD64-6A08E8DBCE3E}.Release|Any CPU.ActiveCfg = Release|Any CPU
		{BAE0332B-9FB3-4773-BD64-6A08E8DBCE3E}.Release|Any CPU.Build.0 = Release|Any CPU
		{4B492C4D-ABE8-492B-8842-5033CB42E6EF}.Debug|Any CPU.ActiveCfg = Debug|Any CPU
		{4B492C4D-ABE8-492B-8842-5033CB42E6EF}.Debug|Any CPU.Build.0 = Debug|Any CPU
		{4B492C4D-ABE8-492B-8842-5033CB42E6EF}.Release|Any CPU.ActiveCfg = Release|Any CPU
		{4B492C4D-ABE8-492B-8842-5033CB42E6EF}.Release|Any CPU.Build.0 = Release|Any CPU
		{2704D233-83EF-4373-A605-68AB12470FBE}.Debug|Any CPU.ActiveCfg = Debug|Any CPU
		{2704D233-83EF-4373-A605-68AB12470FBE}.Debug|Any CPU.Build.0 = Debug|Any CPU
		{2704D233-83EF-4373-A605-68AB12470FBE}.Release|Any CPU.ActiveCfg = Release|Any CPU
		{2704D233-83EF-4373-A605-68AB12470FBE}.Release|Any CPU.Build.0 = Release|Any CPU
		{C6CF377D-6638-4C8B-A061-8B124BBFA92E}.Debug|Any CPU.ActiveCfg = Debug|Any CPU
		{C6CF377D-6638-4C8B-A061-8B124BBFA92E}.Debug|Any CPU.Build.0 = Debug|Any CPU
		{C6CF377D-6638-4C8B-A061-8B124BBFA92E}.Release|Any CPU.ActiveCfg = Release|Any CPU
		{C6CF377D-6638-4C8B-A061-8B124BBFA92E}.Release|Any CPU.Build.0 = Release|Any CPU
		{FA82BE57-7D54-4C07-828B-FA7640EAE13A}.Debug|Any CPU.ActiveCfg = Debug|Any CPU
		{FA82BE57-7D54-4C07-828B-FA7640EAE13A}.Debug|Any CPU.Build.0 = Debug|Any CPU
		{FA82BE57-7D54-4C07-828B-FA7640EAE13A}.Release|Any CPU.ActiveCfg = Release|Any CPU
		{FA82BE57-7D54-4C07-828B-FA7640EAE13A}.Release|Any CPU.Build.0 = Release|Any CPU
		{F1F91735-5C22-4AAB-A77E-3CE3E42BA50A}.Debug|Any CPU.ActiveCfg = Debug|Any CPU
		{F1F91735-5C22-4AAB-A77E-3CE3E42BA50A}.Debug|Any CPU.Build.0 = Debug|Any CPU
		{F1F91735-5C22-4AAB-A77E-3CE3E42BA50A}.Release|Any CPU.ActiveCfg = Release|Any CPU
		{F1F91735-5C22-4AAB-A77E-3CE3E42BA50A}.Release|Any CPU.Build.0 = Release|Any CPU
		{49389A73-FEF2-4F1D-9B88-054401FE6566}.Debug|Any CPU.ActiveCfg = Debug|Any CPU
		{49389A73-FEF2-4F1D-9B88-054401FE6566}.Debug|Any CPU.Build.0 = Debug|Any CPU
		{49389A73-FEF2-4F1D-9B88-054401FE6566}.Release|Any CPU.ActiveCfg = Release|Any CPU
		{49389A73-FEF2-4F1D-9B88-054401FE6566}.Release|Any CPU.Build.0 = Release|Any CPU
		{20698044-57AB-4AF5-849F-F9FD2E77D200}.Debug|Any CPU.ActiveCfg = Debug|Any CPU
		{20698044-57AB-4AF5-849F-F9FD2E77D200}.Debug|Any CPU.Build.0 = Debug|Any CPU
		{20698044-57AB-4AF5-849F-F9FD2E77D200}.Release|Any CPU.ActiveCfg = Release|Any CPU
		{20698044-57AB-4AF5-849F-F9FD2E77D200}.Release|Any CPU.Build.0 = Release|Any CPU
		{3D41A844-E8F8-4687-A39B-305FE6A514E4}.Debug|Any CPU.ActiveCfg = Debug|Any CPU
		{3D41A844-E8F8-4687-A39B-305FE6A514E4}.Debug|Any CPU.Build.0 = Debug|Any CPU
		{3D41A844-E8F8-4687-A39B-305FE6A514E4}.Release|Any CPU.ActiveCfg = Release|Any CPU
		{3D41A844-E8F8-4687-A39B-305FE6A514E4}.Release|Any CPU.Build.0 = Release|Any CPU
		{9E1FF009-1F05-416C-BDDF-F103740902C5}.Debug|Any CPU.ActiveCfg = Debug|Any CPU
		{9E1FF009-1F05-416C-BDDF-F103740902C5}.Debug|Any CPU.Build.0 = Debug|Any CPU
		{9E1FF009-1F05-416C-BDDF-F103740902C5}.Release|Any CPU.ActiveCfg = Release|Any CPU
		{9E1FF009-1F05-416C-BDDF-F103740902C5}.Release|Any CPU.Build.0 = Release|Any CPU
		{02A4F9D8-9F84-4087-B28A-2C23343E8385}.Debug|Any CPU.ActiveCfg = Debug|Any CPU
		{02A4F9D8-9F84-4087-B28A-2C23343E8385}.Debug|Any CPU.Build.0 = Debug|Any CPU
		{02A4F9D8-9F84-4087-B28A-2C23343E8385}.Release|Any CPU.ActiveCfg = Release|Any CPU
		{02A4F9D8-9F84-4087-B28A-2C23343E8385}.Release|Any CPU.Build.0 = Release|Any CPU
		{BADEB0B8-9352-4A1C-92BE-92B017622CDB}.Debug|Any CPU.ActiveCfg = Debug|Any CPU
		{BADEB0B8-9352-4A1C-92BE-92B017622CDB}.Debug|Any CPU.Build.0 = Debug|Any CPU
		{BADEB0B8-9352-4A1C-92BE-92B017622CDB}.Release|Any CPU.ActiveCfg = Release|Any CPU
		{BADEB0B8-9352-4A1C-92BE-92B017622CDB}.Release|Any CPU.Build.0 = Release|Any CPU
		{7EC2ACAF-041F-41AD-BB55-814C08F8B617}.Debug|Any CPU.ActiveCfg = Debug|Any CPU
		{7EC2ACAF-041F-41AD-BB55-814C08F8B617}.Debug|Any CPU.Build.0 = Debug|Any CPU
		{7EC2ACAF-041F-41AD-BB55-814C08F8B617}.Release|Any CPU.ActiveCfg = Release|Any CPU
		{7EC2ACAF-041F-41AD-BB55-814C08F8B617}.Release|Any CPU.Build.0 = Release|Any CPU
		{E59A890A-1013-4B57-92A3-22B788880178}.Debug|Any CPU.ActiveCfg = Debug|Any CPU
		{E59A890A-1013-4B57-92A3-22B788880178}.Debug|Any CPU.Build.0 = Debug|Any CPU
		{E59A890A-1013-4B57-92A3-22B788880178}.Release|Any CPU.ActiveCfg = Release|Any CPU
		{E59A890A-1013-4B57-92A3-22B788880178}.Release|Any CPU.Build.0 = Release|Any CPU
		{A2991D9D-63AC-4AF2-9CED-49300C3EE8CA}.Debug|Any CPU.ActiveCfg = Debug|Any CPU
		{A2991D9D-63AC-4AF2-9CED-49300C3EE8CA}.Debug|Any CPU.Build.0 = Debug|Any CPU
		{A2991D9D-63AC-4AF2-9CED-49300C3EE8CA}.Release|Any CPU.ActiveCfg = Release|Any CPU
		{A2991D9D-63AC-4AF2-9CED-49300C3EE8CA}.Release|Any CPU.Build.0 = Release|Any CPU
		{FB39844D-DB87-4891-9714-86DBD329B9BD}.Debug|Any CPU.ActiveCfg = Debug|Any CPU
		{FB39844D-DB87-4891-9714-86DBD329B9BD}.Debug|Any CPU.Build.0 = Debug|Any CPU
		{FB39844D-DB87-4891-9714-86DBD329B9BD}.Release|Any CPU.ActiveCfg = Release|Any CPU
		{FB39844D-DB87-4891-9714-86DBD329B9BD}.Release|Any CPU.Build.0 = Release|Any CPU
		{B6CEE0ED-6068-45FC-AD51-9B6263E77CD8}.Debug|Any CPU.ActiveCfg = Debug|Any CPU
		{B6CEE0ED-6068-45FC-AD51-9B6263E77CD8}.Debug|Any CPU.Build.0 = Debug|Any CPU
		{B6CEE0ED-6068-45FC-AD51-9B6263E77CD8}.Release|Any CPU.ActiveCfg = Release|Any CPU
		{B6CEE0ED-6068-45FC-AD51-9B6263E77CD8}.Release|Any CPU.Build.0 = Release|Any CPU
		{9CE3E3BA-E271-422C-9A48-B5EDA9593255}.Debug|Any CPU.ActiveCfg = Debug|Any CPU
		{9CE3E3BA-E271-422C-9A48-B5EDA9593255}.Debug|Any CPU.Build.0 = Debug|Any CPU
		{9CE3E3BA-E271-422C-9A48-B5EDA9593255}.Release|Any CPU.ActiveCfg = Release|Any CPU
		{9CE3E3BA-E271-422C-9A48-B5EDA9593255}.Release|Any CPU.Build.0 = Release|Any CPU
	EndGlobalSection
	GlobalSection(SolutionProperties) = preSolution
		HideSolutionNode = FALSE
	EndGlobalSection
	GlobalSection(NestedProjects) = preSolution
		{912CF360-1BCA-497E-91B5-466D83863B58} = {20FBA334-2D64-4A5E-819E-B92A54F4E0EA}
		{03077DC0-1EE2-40D4-86E4-2ACB553327A4} = {20FBA334-2D64-4A5E-819E-B92A54F4E0EA}
		{D4BD6289-8D2C-4E55-913F-5CF262836459} = {20FBA334-2D64-4A5E-819E-B92A54F4E0EA}
		{57197042-3B5B-43DE-8967-FE222B23B289} = {20FBA334-2D64-4A5E-819E-B92A54F4E0EA}
		{50169929-C76F-43CD-B226-B0D2E52245FB} = {20FBA334-2D64-4A5E-819E-B92A54F4E0EA}
		{1BC759CD-3BC1-4C76-B0B4-3074663170E1} = {20FBA334-2D64-4A5E-819E-B92A54F4E0EA}
		{64783F2B-DDA5-48D7-9C08-C2CC737E9DAB} = {20FBA334-2D64-4A5E-819E-B92A54F4E0EA}
		{7CD2D936-C560-4F32-B768-0CD15D2EB70C} = {20FBA334-2D64-4A5E-819E-B92A54F4E0EA}
		{BAE0332B-9FB3-4773-BD64-6A08E8DBCE3E} = {20FBA334-2D64-4A5E-819E-B92A54F4E0EA}
		{4B492C4D-ABE8-492B-8842-5033CB42E6EF} = {20FBA334-2D64-4A5E-819E-B92A54F4E0EA}
		{2704D233-83EF-4373-A605-68AB12470FBE} = {20FBA334-2D64-4A5E-819E-B92A54F4E0EA}
		{C6CF377D-6638-4C8B-A061-8B124BBFA92E} = {0A666976-CC42-43A2-86EB-08A6F1CAEB26}
		{FA82BE57-7D54-4C07-828B-FA7640EAE13A} = {0A666976-CC42-43A2-86EB-08A6F1CAEB26}
		{F1F91735-5C22-4AAB-A77E-3CE3E42BA50A} = {0A666976-CC42-43A2-86EB-08A6F1CAEB26}
		{49389A73-FEF2-4F1D-9B88-054401FE6566} = {0A666976-CC42-43A2-86EB-08A6F1CAEB26}
		{20698044-57AB-4AF5-849F-F9FD2E77D200} = {0A666976-CC42-43A2-86EB-08A6F1CAEB26}
		{3D41A844-E8F8-4687-A39B-305FE6A514E4} = {0A666976-CC42-43A2-86EB-08A6F1CAEB26}
		{9E1FF009-1F05-416C-BDDF-F103740902C5} = {0A666976-CC42-43A2-86EB-08A6F1CAEB26}
		{02A4F9D8-9F84-4087-B28A-2C23343E8385} = {0A666976-CC42-43A2-86EB-08A6F1CAEB26}
		{BADEB0B8-9352-4A1C-92BE-92B017622CDB} = {0A666976-CC42-43A2-86EB-08A6F1CAEB26}
		{7EC2ACAF-041F-41AD-BB55-814C08F8B617} = {0A666976-CC42-43A2-86EB-08A6F1CAEB26}
		{E59A890A-1013-4B57-92A3-22B788880178} = {0A666976-CC42-43A2-86EB-08A6F1CAEB26}
		{A2991D9D-63AC-4AF2-9CED-49300C3EE8CA} = {0A666976-CC42-43A2-86EB-08A6F1CAEB26}
		{FB39844D-DB87-4891-9714-86DBD329B9BD} = {0A666976-CC42-43A2-86EB-08A6F1CAEB26}
		{B6CEE0ED-6068-45FC-AD51-9B6263E77CD8} = {0A666976-CC42-43A2-86EB-08A6F1CAEB26}
		{9CE3E3BA-E271-422C-9A48-B5EDA9593255} = {20FBA334-2D64-4A5E-819E-B92A54F4E0EA}
	EndGlobalSection
	GlobalSection(ExtensibilityGlobals) = postSolution
		SolutionGuid = {315F74FD-285C-4218-A5BF-2377AEDC09D1}
	EndGlobalSection
EndGlobal
