
Microsoft Visual Studio Solution File, Format Version 12.00
# Visual Studio Version 17
VisualStudioVersion = 17.0.32014.148
MinimumVisualStudioVersion = 10.0.40219.1
Project("{9A19103F-16F7-4668-BE54-9A1E7A4F7556}") = "C_NET_LES_BASES", "C_NET_LES_BASES\C_NET_LES_BASES.csproj", "{A2C4E2D5-A704-469C-A213-70C0A4BFF8DA}"
EndProject
Project("{2150E333-8FDC-42A3-9474-1A3956D46DE8}") = "Demos", "Demos", "{BA50F1ED-72D1-46E6-9C21-9863E701852E}"
EndProject
Project("{9A19103F-16F7-4668-BE54-9A1E7A4F7556}") = "02_demoConversion", "Demos\02_demoConversion\02_demoConversion.csproj", "{A2B82D7A-261F-4B25-9B98-D0428355EB0F}"
EndProject
Project("{9A19103F-16F7-4668-BE54-9A1E7A4F7556}") = "03_demoConditionnelles", "Demos\03_demoConditionnelles\03_demoConditionnelles.csproj", "{D872CA43-DBAD-4D27-AC4A-04A923067ECF}"
EndProject
Project("{9A19103F-16F7-4668-BE54-9A1E7A4F7556}") = "04_demoOperateurs", "Demos\04_demoOperateurs\04_demoOperateurs.csproj", "{F579072D-9CCB-45E0-836E-DD8F3B1F6915}"
EndProject
Project("{9A19103F-16F7-4668-BE54-9A1E7A4F7556}") = "05_demoBoucles", "Demos\05_demoBoucles\05_demoBoucles.csproj", "{E7C40E5F-3F69-420E-A82A-E657DF82274B}"
EndProject
Project("{9A19103F-16F7-4668-BE54-9A1E7A4F7556}") = "06_demoCollection", "Demos\06_demoCollection\06_demoCollection.csproj", "{8061FEF1-81BE-4C1C-8A84-90FADEF29D6F}"
EndProject
Project("{9A19103F-16F7-4668-BE54-9A1E7A4F7556}") = "06_demoCollectionsGeneriques", "Demos\06_demoCollectionsGeneriques\06_demoCollectionsGeneriques.csproj", "{09D07CF0-6822-4598-8EF3-2BFEFFE00DDD}"
EndProject
Project("{9A19103F-16F7-4668-BE54-9A1E7A4F7556}") = "06_demoMatrice", "Demos\06_demoMatrice\06_demoMatrice.csproj", "{A77E176F-484C-40B8-9152-5E2BEB4B824D}"
EndProject
Project("{9A19103F-16F7-4668-BE54-9A1E7A4F7556}") = "06_demoOrthogonaux", "Demos\06_demoOrthogonaux\06_demoOrthogonaux.csproj", "{73F8EB31-C979-4CD2-A28D-0A1BBD73E23C}"
EndProject
Project("{9A19103F-16F7-4668-BE54-9A1E7A4F7556}") = "06_demoTableaux", "Demos\06_demoTableaux\06_demoTableaux.csproj", "{93C13267-E3C2-45BA-8A23-9C56266DEC92}"
EndProject
Project("{9A19103F-16F7-4668-BE54-9A1E7A4F7556}") = "DemoEnum", "Demos\DemoEnum\DemoEnum.csproj", "{F206E656-40C0-4367-839E-F3E598AC287F}"
EndProject
Project("{9A19103F-16F7-4668-BE54-9A1E7A4F7556}") = "DemoMethodes", "Demos\DemoMethodes\DemoMethodes\DemoMethodes.csproj", "{00335337-4941-4BE5-94B9-E1464597693F}"
EndProject
Project("{2150E333-8FDC-42A3-9474-1A3956D46DE8}") = "Exercices", "Exercices", "{76213A01-1404-470B-845D-F62FCE55753C}"
EndProject
Project("{9A19103F-16F7-4668-BE54-9A1E7A4F7556}") = "00_demoIO", "Demos\00_demoIO\00_demoIO.csproj", "{D6A8C20C-9B03-44CE-9245-9F8694D0BB20}"
EndProject
Project("{9A19103F-16F7-4668-BE54-9A1E7A4F7556}") = "ExoPage104", "Exercices\ExoPage104\ExoPage104.csproj", "{D8FFB2CF-D3CF-429F-9776-2EF35BA11C5A}"
EndProject
Project("{9A19103F-16F7-4668-BE54-9A1E7A4F7556}") = "ExoPage114", "Exercices\ExoPage114\ExoPage114.csproj", "{C5B42F64-6789-4B5B-BB13-EB4C6DA9D0E2}"
EndProject
Project("{9A19103F-16F7-4668-BE54-9A1E7A4F7556}") = "ExoPage138A", "Exercices\ExoPage138A\ExoPage138A.csproj", "{E7F8568E-073B-4CE5-B1D7-F49117E70324}"
EndProject
Project("{9A19103F-16F7-4668-BE54-9A1E7A4F7556}") = "ExoPage138B", "Exercices\ExoPage138B\ExoPage138B.csproj", "{E9D68F17-A19C-444A-A3D5-1C2DE7FF0FF3}"
EndProject
Project("{9A19103F-16F7-4668-BE54-9A1E7A4F7556}") = "ExoPage138C", "Exercices\ExoPage138C\ExoPage138C.csproj", "{58F5ED89-8CB6-474D-8334-D583DB4B13F3}"
EndProject
Project("{9A19103F-16F7-4668-BE54-9A1E7A4F7556}") = "ExoPage148A", "Exercices\ExoPage148A\ExoPage148A.csproj", "{8EF16837-B816-4E42-8F53-D18A86A3950F}"
EndProject
Project("{9A19103F-16F7-4668-BE54-9A1E7A4F7556}") = "ExoPage148C", "Exercices\ExoPage148C\ExoPage148C.csproj", "{7D7CB1C7-0FE9-4B18-A435-82CE0296DDC3}"
EndProject
Project("{9A19103F-16F7-4668-BE54-9A1E7A4F7556}") = "ExoPage148D", "Exercices\ExoPage148D\ExoPage148D.csproj", "{D8DDB94B-3407-4B47-9646-C282F9A0D995}"
EndProject
Project("{9A19103F-16F7-4668-BE54-9A1E7A4F7556}") = "ExoPage148E", "Exercices\ExoPage148E\ExoPage148E.csproj", "{32170DED-1E73-4033-A9A3-C6678AEFB07C}"
EndProject
Project("{9A19103F-16F7-4668-BE54-9A1E7A4F7556}") = "ExoPage164A", "Exercices\ExoPage164A\ExoPage164A\ExoPage164A.csproj", "{160FC0C9-EB17-4B80-B68D-8329DB15DE7B}"
EndProject
Project("{9A19103F-16F7-4668-BE54-9A1E7A4F7556}") = "ExoPage164B", "Exercices\ExoPage164B\ExoPage164B\ExoPage164B.csproj", "{E9225E1D-A146-4420-9FCA-BCBAE52F91A2}"
EndProject
Project("{9A19103F-16F7-4668-BE54-9A1E7A4F7556}") = "ExoPage164C", "Exercices\ExoPage164C\ExoPage164C\ExoPage164C.csproj", "{AE5E1BF5-F6CB-4E30-887F-2633B8F9CCB9}"
EndProject
Project("{9A19103F-16F7-4668-BE54-9A1E7A4F7556}") = "ExoPage203", "Exercices\ExoPage203\ExoPage203.csproj", "{DD82D607-8BA2-4F58-97DA-FED3D4B12084}"
EndProject
Global
	GlobalSection(SolutionConfigurationPlatforms) = preSolution
		Debug|Any CPU = Debug|Any CPU
		Release|Any CPU = Release|Any CPU
	EndGlobalSection
	GlobalSection(ProjectConfigurationPlatforms) = postSolution
		{A2C4E2D5-A704-469C-A213-70C0A4BFF8DA}.Debug|Any CPU.ActiveCfg = Debug|Any CPU
		{A2C4E2D5-A704-469C-A213-70C0A4BFF8DA}.Debug|Any CPU.Build.0 = Debug|Any CPU
		{A2C4E2D5-A704-469C-A213-70C0A4BFF8DA}.Release|Any CPU.ActiveCfg = Release|Any CPU
		{A2C4E2D5-A704-469C-A213-70C0A4BFF8DA}.Release|Any CPU.Build.0 = Release|Any CPU
		{A2B82D7A-261F-4B25-9B98-D0428355EB0F}.Debug|Any CPU.ActiveCfg = Debug|Any CPU
		{A2B82D7A-261F-4B25-9B98-D0428355EB0F}.Debug|Any CPU.Build.0 = Debug|Any CPU
		{A2B82D7A-261F-4B25-9B98-D0428355EB0F}.Release|Any CPU.ActiveCfg = Release|Any CPU
		{A2B82D7A-261F-4B25-9B98-D0428355EB0F}.Release|Any CPU.Build.0 = Release|Any CPU
		{D872CA43-DBAD-4D27-AC4A-04A923067ECF}.Debug|Any CPU.ActiveCfg = Debug|Any CPU
		{D872CA43-DBAD-4D27-AC4A-04A923067ECF}.Debug|Any CPU.Build.0 = Debug|Any CPU
		{D872CA43-DBAD-4D27-AC4A-04A923067ECF}.Release|Any CPU.ActiveCfg = Release|Any CPU
		{D872CA43-DBAD-4D27-AC4A-04A923067ECF}.Release|Any CPU.Build.0 = Release|Any CPU
		{F579072D-9CCB-45E0-836E-DD8F3B1F6915}.Debug|Any CPU.ActiveCfg = Debug|Any CPU
		{F579072D-9CCB-45E0-836E-DD8F3B1F6915}.Debug|Any CPU.Build.0 = Debug|Any CPU
		{F579072D-9CCB-45E0-836E-DD8F3B1F6915}.Release|Any CPU.ActiveCfg = Release|Any CPU
		{F579072D-9CCB-45E0-836E-DD8F3B1F6915}.Release|Any CPU.Build.0 = Release|Any CPU
		{E7C40E5F-3F69-420E-A82A-E657DF82274B}.Debug|Any CPU.ActiveCfg = Debug|Any CPU
		{E7C40E5F-3F69-420E-A82A-E657DF82274B}.Debug|Any CPU.Build.0 = Debug|Any CPU
		{E7C40E5F-3F69-420E-A82A-E657DF82274B}.Release|Any CPU.ActiveCfg = Release|Any CPU
		{E7C40E5F-3F69-420E-A82A-E657DF82274B}.Release|Any CPU.Build.0 = Release|Any CPU
		{8061FEF1-81BE-4C1C-8A84-90FADEF29D6F}.Debug|Any CPU.ActiveCfg = Debug|Any CPU
		{8061FEF1-81BE-4C1C-8A84-90FADEF29D6F}.Debug|Any CPU.Build.0 = Debug|Any CPU
		{8061FEF1-81BE-4C1C-8A84-90FADEF29D6F}.Release|Any CPU.ActiveCfg = Release|Any CPU
		{8061FEF1-81BE-4C1C-8A84-90FADEF29D6F}.Release|Any CPU.Build.0 = Release|Any CPU
		{09D07CF0-6822-4598-8EF3-2BFEFFE00DDD}.Debug|Any CPU.ActiveCfg = Debug|Any CPU
		{09D07CF0-6822-4598-8EF3-2BFEFFE00DDD}.Debug|Any CPU.Build.0 = Debug|Any CPU
		{09D07CF0-6822-4598-8EF3-2BFEFFE00DDD}.Release|Any CPU.ActiveCfg = Release|Any CPU
		{09D07CF0-6822-4598-8EF3-2BFEFFE00DDD}.Release|Any CPU.Build.0 = Release|Any CPU
		{A77E176F-484C-40B8-9152-5E2BEB4B824D}.Debug|Any CPU.ActiveCfg = Debug|Any CPU
		{A77E176F-484C-40B8-9152-5E2BEB4B824D}.Debug|Any CPU.Build.0 = Debug|Any CPU
		{A77E176F-484C-40B8-9152-5E2BEB4B824D}.Release|Any CPU.ActiveCfg = Release|Any CPU
		{A77E176F-484C-40B8-9152-5E2BEB4B824D}.Release|Any CPU.Build.0 = Release|Any CPU
		{73F8EB31-C979-4CD2-A28D-0A1BBD73E23C}.Debug|Any CPU.ActiveCfg = Debug|Any CPU
		{73F8EB31-C979-4CD2-A28D-0A1BBD73E23C}.Debug|Any CPU.Build.0 = Debug|Any CPU
		{73F8EB31-C979-4CD2-A28D-0A1BBD73E23C}.Release|Any CPU.ActiveCfg = Release|Any CPU
		{73F8EB31-C979-4CD2-A28D-0A1BBD73E23C}.Release|Any CPU.Build.0 = Release|Any CPU
		{93C13267-E3C2-45BA-8A23-9C56266DEC92}.Debug|Any CPU.ActiveCfg = Debug|Any CPU
		{93C13267-E3C2-45BA-8A23-9C56266DEC92}.Debug|Any CPU.Build.0 = Debug|Any CPU
		{93C13267-E3C2-45BA-8A23-9C56266DEC92}.Release|Any CPU.ActiveCfg = Release|Any CPU
		{93C13267-E3C2-45BA-8A23-9C56266DEC92}.Release|Any CPU.Build.0 = Release|Any CPU
		{F206E656-40C0-4367-839E-F3E598AC287F}.Debug|Any CPU.ActiveCfg = Debug|Any CPU
		{F206E656-40C0-4367-839E-F3E598AC287F}.Debug|Any CPU.Build.0 = Debug|Any CPU
		{F206E656-40C0-4367-839E-F3E598AC287F}.Release|Any CPU.ActiveCfg = Release|Any CPU
		{F206E656-40C0-4367-839E-F3E598AC287F}.Release|Any CPU.Build.0 = Release|Any CPU
		{00335337-4941-4BE5-94B9-E1464597693F}.Debug|Any CPU.ActiveCfg = Debug|Any CPU
		{00335337-4941-4BE5-94B9-E1464597693F}.Debug|Any CPU.Build.0 = Debug|Any CPU
		{00335337-4941-4BE5-94B9-E1464597693F}.Release|Any CPU.ActiveCfg = Release|Any CPU
		{00335337-4941-4BE5-94B9-E1464597693F}.Release|Any CPU.Build.0 = Release|Any CPU
		{D6A8C20C-9B03-44CE-9245-9F8694D0BB20}.Debug|Any CPU.ActiveCfg = Debug|Any CPU
		{D6A8C20C-9B03-44CE-9245-9F8694D0BB20}.Debug|Any CPU.Build.0 = Debug|Any CPU
		{D6A8C20C-9B03-44CE-9245-9F8694D0BB20}.Release|Any CPU.ActiveCfg = Release|Any CPU
		{D6A8C20C-9B03-44CE-9245-9F8694D0BB20}.Release|Any CPU.Build.0 = Release|Any CPU
		{D8FFB2CF-D3CF-429F-9776-2EF35BA11C5A}.Debug|Any CPU.ActiveCfg = Debug|Any CPU
		{D8FFB2CF-D3CF-429F-9776-2EF35BA11C5A}.Debug|Any CPU.Build.0 = Debug|Any CPU
		{D8FFB2CF-D3CF-429F-9776-2EF35BA11C5A}.Release|Any CPU.ActiveCfg = Release|Any CPU
		{D8FFB2CF-D3CF-429F-9776-2EF35BA11C5A}.Release|Any CPU.Build.0 = Release|Any CPU
		{C5B42F64-6789-4B5B-BB13-EB4C6DA9D0E2}.Debug|Any CPU.ActiveCfg = Debug|Any CPU
		{C5B42F64-6789-4B5B-BB13-EB4C6DA9D0E2}.Debug|Any CPU.Build.0 = Debug|Any CPU
		{C5B42F64-6789-4B5B-BB13-EB4C6DA9D0E2}.Release|Any CPU.ActiveCfg = Release|Any CPU
		{C5B42F64-6789-4B5B-BB13-EB4C6DA9D0E2}.Release|Any CPU.Build.0 = Release|Any CPU
		{E7F8568E-073B-4CE5-B1D7-F49117E70324}.Debug|Any CPU.ActiveCfg = Debug|Any CPU
		{E7F8568E-073B-4CE5-B1D7-F49117E70324}.Debug|Any CPU.Build.0 = Debug|Any CPU
		{E7F8568E-073B-4CE5-B1D7-F49117E70324}.Release|Any CPU.ActiveCfg = Release|Any CPU
		{E7F8568E-073B-4CE5-B1D7-F49117E70324}.Release|Any CPU.Build.0 = Release|Any CPU
		{E9D68F17-A19C-444A-A3D5-1C2DE7FF0FF3}.Debug|Any CPU.ActiveCfg = Debug|Any CPU
		{E9D68F17-A19C-444A-A3D5-1C2DE7FF0FF3}.Debug|Any CPU.Build.0 = Debug|Any CPU
		{E9D68F17-A19C-444A-A3D5-1C2DE7FF0FF3}.Release|Any CPU.ActiveCfg = Release|Any CPU
		{E9D68F17-A19C-444A-A3D5-1C2DE7FF0FF3}.Release|Any CPU.Build.0 = Release|Any CPU
		{58F5ED89-8CB6-474D-8334-D583DB4B13F3}.Debug|Any CPU.ActiveCfg = Debug|Any CPU
		{58F5ED89-8CB6-474D-8334-D583DB4B13F3}.Debug|Any CPU.Build.0 = Debug|Any CPU
		{58F5ED89-8CB6-474D-8334-D583DB4B13F3}.Release|Any CPU.ActiveCfg = Release|Any CPU
		{58F5ED89-8CB6-474D-8334-D583DB4B13F3}.Release|Any CPU.Build.0 = Release|Any CPU
		{8EF16837-B816-4E42-8F53-D18A86A3950F}.Debug|Any CPU.ActiveCfg = Debug|Any CPU
		{8EF16837-B816-4E42-8F53-D18A86A3950F}.Debug|Any CPU.Build.0 = Debug|Any CPU
		{8EF16837-B816-4E42-8F53-D18A86A3950F}.Release|Any CPU.ActiveCfg = Release|Any CPU
		{8EF16837-B816-4E42-8F53-D18A86A3950F}.Release|Any CPU.Build.0 = Release|Any CPU
		{7D7CB1C7-0FE9-4B18-A435-82CE0296DDC3}.Debug|Any CPU.ActiveCfg = Debug|Any CPU
		{7D7CB1C7-0FE9-4B18-A435-82CE0296DDC3}.Debug|Any CPU.Build.0 = Debug|Any CPU
		{7D7CB1C7-0FE9-4B18-A435-82CE0296DDC3}.Release|Any CPU.ActiveCfg = Release|Any CPU
		{7D7CB1C7-0FE9-4B18-A435-82CE0296DDC3}.Release|Any CPU.Build.0 = Release|Any CPU
		{D8DDB94B-3407-4B47-9646-C282F9A0D995}.Debug|Any CPU.ActiveCfg = Debug|Any CPU
		{D8DDB94B-3407-4B47-9646-C282F9A0D995}.Debug|Any CPU.Build.0 = Debug|Any CPU
		{D8DDB94B-3407-4B47-9646-C282F9A0D995}.Release|Any CPU.ActiveCfg = Release|Any CPU
		{D8DDB94B-3407-4B47-9646-C282F9A0D995}.Release|Any CPU.Build.0 = Release|Any CPU
		{32170DED-1E73-4033-A9A3-C6678AEFB07C}.Debug|Any CPU.ActiveCfg = Debug|Any CPU
		{32170DED-1E73-4033-A9A3-C6678AEFB07C}.Debug|Any CPU.Build.0 = Debug|Any CPU
		{32170DED-1E73-4033-A9A3-C6678AEFB07C}.Release|Any CPU.ActiveCfg = Release|Any CPU
		{32170DED-1E73-4033-A9A3-C6678AEFB07C}.Release|Any CPU.Build.0 = Release|Any CPU
		{160FC0C9-EB17-4B80-B68D-8329DB15DE7B}.Debug|Any CPU.ActiveCfg = Debug|Any CPU
		{160FC0C9-EB17-4B80-B68D-8329DB15DE7B}.Debug|Any CPU.Build.0 = Debug|Any CPU
		{160FC0C9-EB17-4B80-B68D-8329DB15DE7B}.Release|Any CPU.ActiveCfg = Release|Any CPU
		{160FC0C9-EB17-4B80-B68D-8329DB15DE7B}.Release|Any CPU.Build.0 = Release|Any CPU
		{E9225E1D-A146-4420-9FCA-BCBAE52F91A2}.Debug|Any CPU.ActiveCfg = Debug|Any CPU
		{E9225E1D-A146-4420-9FCA-BCBAE52F91A2}.Debug|Any CPU.Build.0 = Debug|Any CPU
		{E9225E1D-A146-4420-9FCA-BCBAE52F91A2}.Release|Any CPU.ActiveCfg = Release|Any CPU
		{E9225E1D-A146-4420-9FCA-BCBAE52F91A2}.Release|Any CPU.Build.0 = Release|Any CPU
		{AE5E1BF5-F6CB-4E30-887F-2633B8F9CCB9}.Debug|Any CPU.ActiveCfg = Debug|Any CPU
		{AE5E1BF5-F6CB-4E30-887F-2633B8F9CCB9}.Debug|Any CPU.Build.0 = Debug|Any CPU
		{AE5E1BF5-F6CB-4E30-887F-2633B8F9CCB9}.Release|Any CPU.ActiveCfg = Release|Any CPU
		{AE5E1BF5-F6CB-4E30-887F-2633B8F9CCB9}.Release|Any CPU.Build.0 = Release|Any CPU
		{DD82D607-8BA2-4F58-97DA-FED3D4B12084}.Debug|Any CPU.ActiveCfg = Debug|Any CPU
		{DD82D607-8BA2-4F58-97DA-FED3D4B12084}.Debug|Any CPU.Build.0 = Debug|Any CPU
		{DD82D607-8BA2-4F58-97DA-FED3D4B12084}.Release|Any CPU.ActiveCfg = Release|Any CPU
		{DD82D607-8BA2-4F58-97DA-FED3D4B12084}.Release|Any CPU.Build.0 = Release|Any CPU
	EndGlobalSection
	GlobalSection(SolutionProperties) = preSolution
		HideSolutionNode = FALSE
	EndGlobalSection
	GlobalSection(NestedProjects) = preSolution
		{A2B82D7A-261F-4B25-9B98-D0428355EB0F} = {BA50F1ED-72D1-46E6-9C21-9863E701852E}
		{D872CA43-DBAD-4D27-AC4A-04A923067ECF} = {BA50F1ED-72D1-46E6-9C21-9863E701852E}
		{F579072D-9CCB-45E0-836E-DD8F3B1F6915} = {BA50F1ED-72D1-46E6-9C21-9863E701852E}
		{E7C40E5F-3F69-420E-A82A-E657DF82274B} = {BA50F1ED-72D1-46E6-9C21-9863E701852E}
		{8061FEF1-81BE-4C1C-8A84-90FADEF29D6F} = {BA50F1ED-72D1-46E6-9C21-9863E701852E}
		{09D07CF0-6822-4598-8EF3-2BFEFFE00DDD} = {BA50F1ED-72D1-46E6-9C21-9863E701852E}
		{A77E176F-484C-40B8-9152-5E2BEB4B824D} = {BA50F1ED-72D1-46E6-9C21-9863E701852E}
		{73F8EB31-C979-4CD2-A28D-0A1BBD73E23C} = {BA50F1ED-72D1-46E6-9C21-9863E701852E}
		{93C13267-E3C2-45BA-8A23-9C56266DEC92} = {BA50F1ED-72D1-46E6-9C21-9863E701852E}
		{F206E656-40C0-4367-839E-F3E598AC287F} = {BA50F1ED-72D1-46E6-9C21-9863E701852E}
		{00335337-4941-4BE5-94B9-E1464597693F} = {BA50F1ED-72D1-46E6-9C21-9863E701852E}
		{D6A8C20C-9B03-44CE-9245-9F8694D0BB20} = {BA50F1ED-72D1-46E6-9C21-9863E701852E}
		{D8FFB2CF-D3CF-429F-9776-2EF35BA11C5A} = {76213A01-1404-470B-845D-F62FCE55753C}
		{C5B42F64-6789-4B5B-BB13-EB4C6DA9D0E2} = {76213A01-1404-470B-845D-F62FCE55753C}
		{E7F8568E-073B-4CE5-B1D7-F49117E70324} = {76213A01-1404-470B-845D-F62FCE55753C}
		{E9D68F17-A19C-444A-A3D5-1C2DE7FF0FF3} = {76213A01-1404-470B-845D-F62FCE55753C}
		{58F5ED89-8CB6-474D-8334-D583DB4B13F3} = {76213A01-1404-470B-845D-F62FCE55753C}
		{8EF16837-B816-4E42-8F53-D18A86A3950F} = {76213A01-1404-470B-845D-F62FCE55753C}
		{7D7CB1C7-0FE9-4B18-A435-82CE0296DDC3} = {76213A01-1404-470B-845D-F62FCE55753C}
		{D8DDB94B-3407-4B47-9646-C282F9A0D995} = {76213A01-1404-470B-845D-F62FCE55753C}
		{32170DED-1E73-4033-A9A3-C6678AEFB07C} = {76213A01-1404-470B-845D-F62FCE55753C}
		{160FC0C9-EB17-4B80-B68D-8329DB15DE7B} = {76213A01-1404-470B-845D-F62FCE55753C}
		{E9225E1D-A146-4420-9FCA-BCBAE52F91A2} = {76213A01-1404-470B-845D-F62FCE55753C}
		{AE5E1BF5-F6CB-4E30-887F-2633B8F9CCB9} = {76213A01-1404-470B-845D-F62FCE55753C}
		{DD82D607-8BA2-4F58-97DA-FED3D4B12084} = {76213A01-1404-470B-845D-F62FCE55753C}
	EndGlobalSection
	GlobalSection(ExtensibilityGlobals) = postSolution
		SolutionGuid = {315F74FD-285C-4218-A5BF-2377AEDC09D1}
	EndGlobalSection
EndGlobal
